
Microsoft Visual Studio Solution File, Format Version 12.00
# Visual Studio Version 17
VisualStudioVersion = 17.5.002.0
MinimumVisualStudioVersion = 10.0.40219.1
Project("{9A19103F-16F7-4668-BE54-9A1E7A4F7556}") = "PlatformService", "PlatformService\PlatformService.csproj", "{FD95F006-BF9A-43A2-86D3-98E0FEED5E6D}"
EndProject
Global
	GlobalSection(SolutionConfigurationPlatforms) = preSolution
		Debug|Any CPU = Debug|Any CPU
		Release|Any CPU = Release|Any CPU
	EndGlobalSection
	GlobalSection(ProjectConfigurationPlatforms) = postSolution
		{FD95F006-BF9A-43A2-86D3-98E0FEED5E6D}.Debug|Any CPU.ActiveCfg = Debug|Any CPU
		{FD95F006-BF9A-43A2-86D3-98E0FEED5E6D}.Debug|Any CPU.Build.0 = Debug|Any CPU
		{FD95F006-BF9A-43A2-86D3-98E0FEED5E6D}.Release|Any CPU.ActiveCfg = Release|Any CPU
		{FD95F006-BF9A-43A2-86D3-98E0FEED5E6D}.Release|Any CPU.Build.0 = Release|Any CPU
	EndGlobalSection
	GlobalSection(SolutionProperties) = preSolution
		HideSolutionNode = FALSE
	EndGlobalSection
	GlobalSection(ExtensibilityGlobals) = postSolution
		SolutionGuid = {9C666ACD-1A57-4D75-BA31-98CD429509FF}
	EndGlobalSection
EndGlobal
